// !$*UTF8*$!
{
	archiveVersion = 1;
	classes = {
	};
	objectVersion = 56;
	objects = {

/* Begin PBXBuildFile section */
		F319E36C2B97020000A4F2AD /* LogoView.swift in Sources */ = {isa = PBXBuildFile; fileRef = F319E36B2B97020000A4F2AD /* LogoView.swift */; };
		F319E36E2B9703C800A4F2AD /* ResultView.swift in Sources */ = {isa = PBXBuildFile; fileRef = F319E36D2B9703C800A4F2AD /* ResultView.swift */; };
		F319E3702B9703DC00A4F2AD /* BillInputView.swift in Sources */ = {isa = PBXBuildFile; fileRef = F319E36F2B9703DC00A4F2AD /* BillInputView.swift */; };
		F319E3722B9703F200A4F2AD /* TipInputView.swift in Sources */ = {isa = PBXBuildFile; fileRef = F319E3712B9703F200A4F2AD /* TipInputView.swift */; };
		F319E3742B97040500A4F2AD /* SplitInputView.swift in Sources */ = {isa = PBXBuildFile; fileRef = F319E3732B97040500A4F2AD /* SplitInputView.swift */; };
		F319E3772B970CF800A4F2AD /* ThemeColor.swift in Sources */ = {isa = PBXBuildFile; fileRef = F319E3762B970CF800A4F2AD /* ThemeColor.swift */; };
		F319E3792B970D0D00A4F2AD /* ThemeFont.swift in Sources */ = {isa = PBXBuildFile; fileRef = F319E3782B970D0D00A4F2AD /* ThemeFont.swift */; };
		F319E37C2B970D5400A4F2AD /* UIColor+Extension.swift in Sources */ = {isa = PBXBuildFile; fileRef = F319E37B2B970D5400A4F2AD /* UIColor+Extension.swift */; };
		F319E37F2B97146C00A4F2AD /* LabelFactory.swift in Sources */ = {isa = PBXBuildFile; fileRef = F319E37E2B97146C00A4F2AD /* LabelFactory.swift */; };
		F3243BB32B9AE22400E73778 /* CalculatorScreen.swift in Sources */ = {isa = PBXBuildFile; fileRef = F3243BB22B9AE22400E73778 /* CalculatorScreen.swift */; };
		F3243BB52B9AE36900E73778 /* ScreenIdentifier.swift in Sources */ = {isa = PBXBuildFile; fileRef = F3243BB42B9AE36900E73778 /* ScreenIdentifier.swift */; };
		F3243BB62B9AE4B500E73778 /* ScreenIdentifier.swift in Sources */ = {isa = PBXBuildFile; fileRef = F3243BB42B9AE36900E73778 /* ScreenIdentifier.swift */; };
		F3289F442B988B0E004D8398 /* UIResponder+Extension.swift in Sources */ = {isa = PBXBuildFile; fileRef = F3289F432B988B0E004D8398 /* UIResponder+Extension.swift */; };
		F3289F462B989EB1004D8398 /* Int+Extension.swift in Sources */ = {isa = PBXBuildFile; fileRef = F3289F452B989EB1004D8398 /* Int+Extension.swift */; };
		F3289F482B98ACA0004D8398 /* Double+Extension.swift in Sources */ = {isa = PBXBuildFile; fileRef = F3289F472B98ACA0004D8398 /* Double+Extension.swift */; };
		F3289F4B2B98B3D4004D8398 /* click.m4a in Resources */ = {isa = PBXBuildFile; fileRef = F3289F4A2B98B3D4004D8398 /* click.m4a */; };
		F3289F4E2B98B413004D8398 /* AudioPlayerService.swift in Sources */ = {isa = PBXBuildFile; fileRef = F3289F4D2B98B413004D8398 /* AudioPlayerService.swift */; };
		F3A3EAE22B99DE460060D91A /* Tip_CalculatorSnapshotTests.swift in Sources */ = {isa = PBXBuildFile; fileRef = F3A3EAE12B99DE460060D91A /* Tip_CalculatorSnapshotTests.swift */; };
		F3E05F352B95940300708293 /* AppDelegate.swift in Sources */ = {isa = PBXBuildFile; fileRef = F3E05F342B95940300708293 /* AppDelegate.swift */; };
		F3E05F372B95940300708293 /* SceneDelegate.swift in Sources */ = {isa = PBXBuildFile; fileRef = F3E05F362B95940300708293 /* SceneDelegate.swift */; };
		F3E05F392B95940300708293 /* CalculatorVC.swift in Sources */ = {isa = PBXBuildFile; fileRef = F3E05F382B95940300708293 /* CalculatorVC.swift */; };
		F3E05F3E2B95940400708293 /* Assets.xcassets in Resources */ = {isa = PBXBuildFile; fileRef = F3E05F3D2B95940400708293 /* Assets.xcassets */; };
		F3E05F412B95940400708293 /* LaunchScreen.storyboard in Resources */ = {isa = PBXBuildFile; fileRef = F3E05F3F2B95940400708293 /* LaunchScreen.storyboard */; };
		F3E05F4C2B95940400708293 /* Tip_CalculatorTests.swift in Sources */ = {isa = PBXBuildFile; fileRef = F3E05F4B2B95940400708293 /* Tip_CalculatorTests.swift */; };
		F3E05F562B95940400708293 /* Tip_CalculatorUITests.swift in Sources */ = {isa = PBXBuildFile; fileRef = F3E05F552B95940400708293 /* Tip_CalculatorUITests.swift */; };
		F3E05F582B95940400708293 /* Tip_CalculatorUITestsLaunchTests.swift in Sources */ = {isa = PBXBuildFile; fileRef = F3E05F572B95940400708293 /* Tip_CalculatorUITestsLaunchTests.swift */; };
		F3E05F662B95946700708293 /* CombineCocoa in Frameworks */ = {isa = PBXBuildFile; productRef = F3E05F652B95946700708293 /* CombineCocoa */; };
		F3E05F692B95948C00708293 /* SnapKit in Frameworks */ = {isa = PBXBuildFile; productRef = F3E05F682B95948C00708293 /* SnapKit */; };
		F3E05F6C2B9594BF00708293 /* CombineCocoa in Frameworks */ = {isa = PBXBuildFile; productRef = F3E05F6B2B9594BF00708293 /* CombineCocoa */; };
		F3E05F6F2B95954200708293 /* SnapshotTesting in Frameworks */ = {isa = PBXBuildFile; productRef = F3E05F6E2B95954200708293 /* SnapshotTesting */; };
		F3E05F712B95955C00708293 /* CombineCocoa in Frameworks */ = {isa = PBXBuildFile; productRef = F3E05F702B95955C00708293 /* CombineCocoa */; };
		F3F1803D2B974194001ABB46 /* UIView+Extension.swift in Sources */ = {isa = PBXBuildFile; fileRef = F3F1803C2B974194001ABB46 /* UIView+Extension.swift */; };
		F3F1803F2B9758F5001ABB46 /* AmountView.swift in Sources */ = {isa = PBXBuildFile; fileRef = F3F1803E2B9758F5001ABB46 /* AmountView.swift */; };
		F3FB2C922B98482D0045AE0C /* Tip.swift in Sources */ = {isa = PBXBuildFile; fileRef = F3FB2C912B98482D0045AE0C /* Tip.swift */; };
		F3FB2C942B9848730045AE0C /* HeaderView.swift in Sources */ = {isa = PBXBuildFile; fileRef = F3FB2C932B9848730045AE0C /* HeaderView.swift */; };
		F3FB2C972B9850DA0045AE0C /* CalculatorVM.swift in Sources */ = {isa = PBXBuildFile; fileRef = F3FB2C962B9850DA0045AE0C /* CalculatorVM.swift */; };
		F3FB2C992B98554B0045AE0C /* Result.swift in Sources */ = {isa = PBXBuildFile; fileRef = F3FB2C982B98554B0045AE0C /* Result.swift */; };
		F3FB2C9B2B9864A00045AE0C /* String+Extension.swift in Sources */ = {isa = PBXBuildFile; fileRef = F3FB2C9A2B9864A00045AE0C /* String+Extension.swift */; };
/* End PBXBuildFile section */

/* Begin PBXContainerItemProxy section */
		F3E05F482B95940400708293 /* PBXContainerItemProxy */ = {
			isa = PBXContainerItemProxy;
			containerPortal = F3E05F292B95940200708293 /* Project object */;
			proxyType = 1;
			remoteGlobalIDString = F3E05F302B95940300708293;
			remoteInfo = Tip_Calculator;
		};
		F3E05F522B95940400708293 /* PBXContainerItemProxy */ = {
			isa = PBXContainerItemProxy;
			containerPortal = F3E05F292B95940200708293 /* Project object */;
			proxyType = 1;
			remoteGlobalIDString = F3E05F302B95940300708293;
			remoteInfo = Tip_Calculator;
		};
/* End PBXContainerItemProxy section */

/* Begin PBXFileReference section */
		F319E36B2B97020000A4F2AD /* LogoView.swift */ = {isa = PBXFileReference; lastKnownFileType = sourcecode.swift; path = LogoView.swift; sourceTree = "<group>"; };
		F319E36D2B9703C800A4F2AD /* ResultView.swift */ = {isa = PBXFileReference; lastKnownFileType = sourcecode.swift; path = ResultView.swift; sourceTree = "<group>"; };
		F319E36F2B9703DC00A4F2AD /* BillInputView.swift */ = {isa = PBXFileReference; lastKnownFileType = sourcecode.swift; path = BillInputView.swift; sourceTree = "<group>"; };
		F319E3712B9703F200A4F2AD /* TipInputView.swift */ = {isa = PBXFileReference; lastKnownFileType = sourcecode.swift; path = TipInputView.swift; sourceTree = "<group>"; };
		F319E3732B97040500A4F2AD /* SplitInputView.swift */ = {isa = PBXFileReference; lastKnownFileType = sourcecode.swift; path = SplitInputView.swift; sourceTree = "<group>"; };
		F319E3762B970CF800A4F2AD /* ThemeColor.swift */ = {isa = PBXFileReference; lastKnownFileType = sourcecode.swift; path = ThemeColor.swift; sourceTree = "<group>"; };
		F319E3782B970D0D00A4F2AD /* ThemeFont.swift */ = {isa = PBXFileReference; lastKnownFileType = sourcecode.swift; path = ThemeFont.swift; sourceTree = "<group>"; };
		F319E37B2B970D5400A4F2AD /* UIColor+Extension.swift */ = {isa = PBXFileReference; lastKnownFileType = sourcecode.swift; path = "UIColor+Extension.swift"; sourceTree = "<group>"; };
		F319E37E2B97146C00A4F2AD /* LabelFactory.swift */ = {isa = PBXFileReference; lastKnownFileType = sourcecode.swift; path = LabelFactory.swift; sourceTree = "<group>"; };
		F3243BB22B9AE22400E73778 /* CalculatorScreen.swift */ = {isa = PBXFileReference; lastKnownFileType = sourcecode.swift; path = CalculatorScreen.swift; sourceTree = "<group>"; };
		F3243BB42B9AE36900E73778 /* ScreenIdentifier.swift */ = {isa = PBXFileReference; lastKnownFileType = sourcecode.swift; path = ScreenIdentifier.swift; sourceTree = "<group>"; };
		F3289F432B988B0E004D8398 /* UIResponder+Extension.swift */ = {isa = PBXFileReference; lastKnownFileType = sourcecode.swift; path = "UIResponder+Extension.swift"; sourceTree = "<group>"; };
		F3289F452B989EB1004D8398 /* Int+Extension.swift */ = {isa = PBXFileReference; lastKnownFileType = sourcecode.swift; path = "Int+Extension.swift"; sourceTree = "<group>"; };
		F3289F472B98ACA0004D8398 /* Double+Extension.swift */ = {isa = PBXFileReference; lastKnownFileType = sourcecode.swift; path = "Double+Extension.swift"; sourceTree = "<group>"; };
		F3289F4A2B98B3D4004D8398 /* click.m4a */ = {isa = PBXFileReference; lastKnownFileType = file; path = click.m4a; sourceTree = "<group>"; };
		F3289F4D2B98B413004D8398 /* AudioPlayerService.swift */ = {isa = PBXFileReference; lastKnownFileType = sourcecode.swift; path = AudioPlayerService.swift; sourceTree = "<group>"; };
		F3A3EAE12B99DE460060D91A /* Tip_CalculatorSnapshotTests.swift */ = {isa = PBXFileReference; lastKnownFileType = sourcecode.swift; path = Tip_CalculatorSnapshotTests.swift; sourceTree = "<group>"; };
		F3E05F312B95940300708293 /* Tip_Calculator.app */ = {isa = PBXFileReference; explicitFileType = wrapper.application; includeInIndex = 0; path = Tip_Calculator.app; sourceTree = BUILT_PRODUCTS_DIR; };
		F3E05F342B95940300708293 /* AppDelegate.swift */ = {isa = PBXFileReference; lastKnownFileType = sourcecode.swift; path = AppDelegate.swift; sourceTree = "<group>"; };
		F3E05F362B95940300708293 /* SceneDelegate.swift */ = {isa = PBXFileReference; lastKnownFileType = sourcecode.swift; path = SceneDelegate.swift; sourceTree = "<group>"; };
		F3E05F382B95940300708293 /* CalculatorVC.swift */ = {isa = PBXFileReference; lastKnownFileType = sourcecode.swift; path = CalculatorVC.swift; sourceTree = "<group>"; };
		F3E05F3D2B95940400708293 /* Assets.xcassets */ = {isa = PBXFileReference; lastKnownFileType = folder.assetcatalog; path = Assets.xcassets; sourceTree = "<group>"; };
		F3E05F402B95940400708293 /* Base */ = {isa = PBXFileReference; lastKnownFileType = file.storyboard; name = Base; path = Base.lproj/LaunchScreen.storyboard; sourceTree = "<group>"; };
		F3E05F422B95940400708293 /* Info.plist */ = {isa = PBXFileReference; lastKnownFileType = text.plist.xml; path = Info.plist; sourceTree = "<group>"; };
		F3E05F472B95940400708293 /* Tip_CalculatorTests.xctest */ = {isa = PBXFileReference; explicitFileType = wrapper.cfbundle; includeInIndex = 0; path = Tip_CalculatorTests.xctest; sourceTree = BUILT_PRODUCTS_DIR; };
		F3E05F4B2B95940400708293 /* Tip_CalculatorTests.swift */ = {isa = PBXFileReference; lastKnownFileType = sourcecode.swift; path = Tip_CalculatorTests.swift; sourceTree = "<group>"; };
		F3E05F512B95940400708293 /* Tip_CalculatorUITests.xctest */ = {isa = PBXFileReference; explicitFileType = wrapper.cfbundle; includeInIndex = 0; path = Tip_CalculatorUITests.xctest; sourceTree = BUILT_PRODUCTS_DIR; };
		F3E05F552B95940400708293 /* Tip_CalculatorUITests.swift */ = {isa = PBXFileReference; lastKnownFileType = sourcecode.swift; path = Tip_CalculatorUITests.swift; sourceTree = "<group>"; };
		F3E05F572B95940400708293 /* Tip_CalculatorUITestsLaunchTests.swift */ = {isa = PBXFileReference; lastKnownFileType = sourcecode.swift; path = Tip_CalculatorUITestsLaunchTests.swift; sourceTree = "<group>"; };
		F3F1803C2B974194001ABB46 /* UIView+Extension.swift */ = {isa = PBXFileReference; lastKnownFileType = sourcecode.swift; path = "UIView+Extension.swift"; sourceTree = "<group>"; };
		F3F1803E2B9758F5001ABB46 /* AmountView.swift */ = {isa = PBXFileReference; lastKnownFileType = sourcecode.swift; path = AmountView.swift; sourceTree = "<group>"; };
		F3FB2C912B98482D0045AE0C /* Tip.swift */ = {isa = PBXFileReference; lastKnownFileType = sourcecode.swift; path = Tip.swift; sourceTree = "<group>"; };
		F3FB2C932B9848730045AE0C /* HeaderView.swift */ = {isa = PBXFileReference; lastKnownFileType = sourcecode.swift; path = HeaderView.swift; sourceTree = "<group>"; };
		F3FB2C962B9850DA0045AE0C /* CalculatorVM.swift */ = {isa = PBXFileReference; lastKnownFileType = sourcecode.swift; path = CalculatorVM.swift; sourceTree = "<group>"; };
		F3FB2C982B98554B0045AE0C /* Result.swift */ = {isa = PBXFileReference; lastKnownFileType = sourcecode.swift; path = Result.swift; sourceTree = "<group>"; };
		F3FB2C9A2B9864A00045AE0C /* String+Extension.swift */ = {isa = PBXFileReference; lastKnownFileType = sourcecode.swift; path = "String+Extension.swift"; sourceTree = "<group>"; };
/* End PBXFileReference section */

/* Begin PBXFrameworksBuildPhase section */
		F3E05F2E2B95940300708293 /* Frameworks */ = {
			isa = PBXFrameworksBuildPhase;
			buildActionMask = 2147483647;
			files = (
				F3E05F662B95946700708293 /* CombineCocoa in Frameworks */,
				F3E05F692B95948C00708293 /* SnapKit in Frameworks */,
			);
			runOnlyForDeploymentPostprocessing = 0;
		};
		F3E05F442B95940400708293 /* Frameworks */ = {
			isa = PBXFrameworksBuildPhase;
			buildActionMask = 2147483647;
			files = (
				F3E05F6C2B9594BF00708293 /* CombineCocoa in Frameworks */,
				F3E05F6F2B95954200708293 /* SnapshotTesting in Frameworks */,
			);
			runOnlyForDeploymentPostprocessing = 0;
		};
		F3E05F4E2B95940400708293 /* Frameworks */ = {
			isa = PBXFrameworksBuildPhase;
			buildActionMask = 2147483647;
			files = (
				F3E05F712B95955C00708293 /* CombineCocoa in Frameworks */,
			);
			runOnlyForDeploymentPostprocessing = 0;
		};
/* End PBXFrameworksBuildPhase section */

/* Begin PBXGroup section */
		F319E36A2B9701F000A4F2AD /* View */ = {
			isa = PBXGroup;
			children = (
				F319E36B2B97020000A4F2AD /* LogoView.swift */,
				F319E36D2B9703C800A4F2AD /* ResultView.swift */,
				F319E36F2B9703DC00A4F2AD /* BillInputView.swift */,
				F319E3712B9703F200A4F2AD /* TipInputView.swift */,
				F319E3732B97040500A4F2AD /* SplitInputView.swift */,
				F3F1803E2B9758F5001ABB46 /* AmountView.swift */,
				F3FB2C932B9848730045AE0C /* HeaderView.swift */,
			);
			path = View;
			sourceTree = "<group>";
		};
		F319E3752B970CC900A4F2AD /* Config */ = {
			isa = PBXGroup;
			children = (
				F319E3762B970CF800A4F2AD /* ThemeColor.swift */,
				F319E3782B970D0D00A4F2AD /* ThemeFont.swift */,
			);
			path = Config;
			sourceTree = "<group>";
		};
		F319E37A2B970D3900A4F2AD /* Extension */ = {
			isa = PBXGroup;
			children = (
				F319E37B2B970D5400A4F2AD /* UIColor+Extension.swift */,
				F3F1803C2B974194001ABB46 /* UIView+Extension.swift */,
				F3FB2C9A2B9864A00045AE0C /* String+Extension.swift */,
				F3289F432B988B0E004D8398 /* UIResponder+Extension.swift */,
				F3289F452B989EB1004D8398 /* Int+Extension.swift */,
				F3289F472B98ACA0004D8398 /* Double+Extension.swift */,
			);
			path = Extension;
			sourceTree = "<group>";
		};
		F319E37D2B97145D00A4F2AD /* Factory */ = {
			isa = PBXGroup;
			children = (
				F319E37E2B97146C00A4F2AD /* LabelFactory.swift */,
			);
			path = Factory;
			sourceTree = "<group>";
		};
		F3289F492B98B390004D8398 /* Resource */ = {
			isa = PBXGroup;
			children = (
				F3289F4A2B98B3D4004D8398 /* click.m4a */,
			);
			path = Resource;
			sourceTree = "<group>";
		};
		F3289F4C2B98B3FB004D8398 /* Service */ = {
			isa = PBXGroup;
			children = (
				F3289F4D2B98B413004D8398 /* AudioPlayerService.swift */,
			);
			path = Service;
			sourceTree = "<group>";
		};
		F3E05F282B95940200708293 = {
			isa = PBXGroup;
			children = (
				F3E05F332B95940300708293 /* Tip_Calculator */,
				F3E05F4A2B95940400708293 /* Tip_CalculatorTests */,
				F3E05F542B95940400708293 /* Tip_CalculatorUITests */,
				F3E05F6A2B9594BF00708293 /* Frameworks */,
				F3E05F322B95940300708293 /* Products */,
			);
			sourceTree = "<group>";
		};
		F3E05F322B95940300708293 /* Products */ = {
			isa = PBXGroup;
			children = (
				F3E05F312B95940300708293 /* Tip_Calculator.app */,
				F3E05F472B95940400708293 /* Tip_CalculatorTests.xctest */,
				F3E05F512B95940400708293 /* Tip_CalculatorUITests.xctest */,
			);
			name = Products;
			sourceTree = "<group>";
		};
		F3E05F332B95940300708293 /* Tip_Calculator */ = {
			isa = PBXGroup;
			children = (
				F3289F4C2B98B3FB004D8398 /* Service */,
				F3289F492B98B390004D8398 /* Resource */,
				F3FB2C952B9850C90045AE0C /* ViewModel */,
				F3FB2C902B9848200045AE0C /* Model */,
				F319E37D2B97145D00A4F2AD /* Factory */,
				F319E37A2B970D3900A4F2AD /* Extension */,
				F319E3752B970CC900A4F2AD /* Config */,
				F319E36A2B9701F000A4F2AD /* View */,
				F3E05F342B95940300708293 /* AppDelegate.swift */,
				F3E05F362B95940300708293 /* SceneDelegate.swift */,
				F3E05F382B95940300708293 /* CalculatorVC.swift */,
				F3E05F3D2B95940400708293 /* Assets.xcassets */,
				F3E05F3F2B95940400708293 /* LaunchScreen.storyboard */,
				F3E05F422B95940400708293 /* Info.plist */,
			);
			path = Tip_Calculator;
			sourceTree = "<group>";
		};
		F3E05F4A2B95940400708293 /* Tip_CalculatorTests */ = {
			isa = PBXGroup;
			children = (
				F3E05F4B2B95940400708293 /* Tip_CalculatorTests.swift */,
				F3A3EAE12B99DE460060D91A /* Tip_CalculatorSnapshotTests.swift */,
			);
			path = Tip_CalculatorTests;
			sourceTree = "<group>";
		};
		F3E05F542B95940400708293 /* Tip_CalculatorUITests */ = {
			isa = PBXGroup;
			children = (
				F3E05F552B95940400708293 /* Tip_CalculatorUITests.swift */,
				F3E05F572B95940400708293 /* Tip_CalculatorUITestsLaunchTests.swift */,
				F3243BB22B9AE22400E73778 /* CalculatorScreen.swift */,
			);
			path = Tip_CalculatorUITests;
			sourceTree = "<group>";
		};
		F3E05F6A2B9594BF00708293 /* Frameworks */ = {
			isa = PBXGroup;
			children = (
			);
			name = Frameworks;
			sourceTree = "<group>";
		};
		F3FB2C902B9848200045AE0C /* Model */ = {
			isa = PBXGroup;
			children = (
				F3FB2C912B98482D0045AE0C /* Tip.swift */,
				F3FB2C982B98554B0045AE0C /* Result.swift */,
				F3243BB42B9AE36900E73778 /* ScreenIdentifier.swift */,
			);
			path = Model;
			sourceTree = "<group>";
		};
		F3FB2C952B9850C90045AE0C /* ViewModel */ = {
			isa = PBXGroup;
			children = (
				F3FB2C962B9850DA0045AE0C /* CalculatorVM.swift */,
			);
			path = ViewModel;
			sourceTree = "<group>";
		};
/* End PBXGroup section */

/* Begin PBXNativeTarget section */
		F3E05F302B95940300708293 /* Tip_Calculator */ = {
			isa = PBXNativeTarget;
			buildConfigurationList = F3E05F5B2B95940400708293 /* Build configuration list for PBXNativeTarget "Tip_Calculator" */;
			buildPhases = (
				F3E05F2D2B95940300708293 /* Sources */,
				F3E05F2E2B95940300708293 /* Frameworks */,
				F3E05F2F2B95940300708293 /* Resources */,
			);
			buildRules = (
			);
			dependencies = (
			);
			name = Tip_Calculator;
			packageProductDependencies = (
				F3E05F652B95946700708293 /* CombineCocoa */,
				F3E05F682B95948C00708293 /* SnapKit */,
			);
			productName = Tip_Calculator;
			productReference = F3E05F312B95940300708293 /* Tip_Calculator.app */;
			productType = "com.apple.product-type.application";
		};
		F3E05F462B95940400708293 /* Tip_CalculatorTests */ = {
			isa = PBXNativeTarget;
			buildConfigurationList = F3E05F5E2B95940400708293 /* Build configuration list for PBXNativeTarget "Tip_CalculatorTests" */;
			buildPhases = (
				F3E05F432B95940400708293 /* Sources */,
				F3E05F442B95940400708293 /* Frameworks */,
				F3E05F452B95940400708293 /* Resources */,
			);
			buildRules = (
			);
			dependencies = (
				F3E05F492B95940400708293 /* PBXTargetDependency */,
			);
			name = Tip_CalculatorTests;
			packageProductDependencies = (
				F3E05F6B2B9594BF00708293 /* CombineCocoa */,
				F3E05F6E2B95954200708293 /* SnapshotTesting */,
			);
			productName = Tip_CalculatorTests;
			productReference = F3E05F472B95940400708293 /* Tip_CalculatorTests.xctest */;
			productType = "com.apple.product-type.bundle.unit-test";
		};
		F3E05F502B95940400708293 /* Tip_CalculatorUITests */ = {
			isa = PBXNativeTarget;
			buildConfigurationList = F3E05F612B95940400708293 /* Build configuration list for PBXNativeTarget "Tip_CalculatorUITests" */;
			buildPhases = (
				F3E05F4D2B95940400708293 /* Sources */,
				F3E05F4E2B95940400708293 /* Frameworks */,
				F3E05F4F2B95940400708293 /* Resources */,
			);
			buildRules = (
			);
			dependencies = (
				F3E05F532B95940400708293 /* PBXTargetDependency */,
			);
			name = Tip_CalculatorUITests;
			packageProductDependencies = (
				F3E05F702B95955C00708293 /* CombineCocoa */,
			);
			productName = Tip_CalculatorUITests;
			productReference = F3E05F512B95940400708293 /* Tip_CalculatorUITests.xctest */;
			productType = "com.apple.product-type.bundle.ui-testing";
		};
/* End PBXNativeTarget section */

/* Begin PBXProject section */
		F3E05F292B95940200708293 /* Project object */ = {
			isa = PBXProject;
			attributes = {
				BuildIndependentTargetsInParallel = 1;
				LastSwiftUpdateCheck = 1520;
				LastUpgradeCheck = 1520;
				TargetAttributes = {
					F3E05F302B95940300708293 = {
						CreatedOnToolsVersion = 15.2;
					};
					F3E05F462B95940400708293 = {
						CreatedOnToolsVersion = 15.2;
						TestTargetID = F3E05F302B95940300708293;
					};
					F3E05F502B95940400708293 = {
						CreatedOnToolsVersion = 15.2;
						TestTargetID = F3E05F302B95940300708293;
					};
				};
			};
			buildConfigurationList = F3E05F2C2B95940200708293 /* Build configuration list for PBXProject "Tip_Calculator" */;
			compatibilityVersion = "Xcode 14.0";
			developmentRegion = en;
			hasScannedForEncodings = 0;
			knownRegions = (
				en,
				Base,
			);
			mainGroup = F3E05F282B95940200708293;
			packageReferences = (
				F3E05F642B95946700708293 /* XCRemoteSwiftPackageReference "CombineCocoa" */,
				F3E05F672B95948C00708293 /* XCRemoteSwiftPackageReference "SnapKit" */,
				F3E05F6D2B95954200708293 /* XCRemoteSwiftPackageReference "swift-snapshot-testing" */,
			);
			productRefGroup = F3E05F322B95940300708293 /* Products */;
			projectDirPath = "";
			projectRoot = "";
			targets = (
				F3E05F302B95940300708293 /* Tip_Calculator */,
				F3E05F462B95940400708293 /* Tip_CalculatorTests */,
				F3E05F502B95940400708293 /* Tip_CalculatorUITests */,
			);
		};
/* End PBXProject section */

/* Begin PBXResourcesBuildPhase section */
		F3E05F2F2B95940300708293 /* Resources */ = {
			isa = PBXResourcesBuildPhase;
			buildActionMask = 2147483647;
			files = (
				F3289F4B2B98B3D4004D8398 /* click.m4a in Resources */,
				F3E05F412B95940400708293 /* LaunchScreen.storyboard in Resources */,
				F3E05F3E2B95940400708293 /* Assets.xcassets in Resources */,
			);
			runOnlyForDeploymentPostprocessing = 0;
		};
		F3E05F452B95940400708293 /* Resources */ = {
			isa = PBXResourcesBuildPhase;
			buildActionMask = 2147483647;
			files = (
			);
			runOnlyForDeploymentPostprocessing = 0;
		};
		F3E05F4F2B95940400708293 /* Resources */ = {
			isa = PBXResourcesBuildPhase;
			buildActionMask = 2147483647;
			files = (
			);
			runOnlyForDeploymentPostprocessing = 0;
		};
/* End PBXResourcesBuildPhase section */

/* Begin PBXSourcesBuildPhase section */
		F3E05F2D2B95940300708293 /* Sources */ = {
			isa = PBXSourcesBuildPhase;
			buildActionMask = 2147483647;
			files = (
				F3FB2C992B98554B0045AE0C /* Result.swift in Sources */,
				F3F1803F2B9758F5001ABB46 /* AmountView.swift in Sources */,
				F3289F442B988B0E004D8398 /* UIResponder+Extension.swift in Sources */,
				F3289F462B989EB1004D8398 /* Int+Extension.swift in Sources */,
				F3243BB52B9AE36900E73778 /* ScreenIdentifier.swift in Sources */,
				F3E05F392B95940300708293 /* CalculatorVC.swift in Sources */,
				F319E36C2B97020000A4F2AD /* LogoView.swift in Sources */,
				F319E3772B970CF800A4F2AD /* ThemeColor.swift in Sources */,
				F319E37C2B970D5400A4F2AD /* UIColor+Extension.swift in Sources */,
				F319E3702B9703DC00A4F2AD /* BillInputView.swift in Sources */,
				F319E36E2B9703C800A4F2AD /* ResultView.swift in Sources */,
				F3F1803D2B974194001ABB46 /* UIView+Extension.swift in Sources */,
				F3E05F352B95940300708293 /* AppDelegate.swift in Sources */,
				F3289F4E2B98B413004D8398 /* AudioPlayerService.swift in Sources */,
				F319E3792B970D0D00A4F2AD /* ThemeFont.swift in Sources */,
				F3FB2C9B2B9864A00045AE0C /* String+Extension.swift in Sources */,
				F3E05F372B95940300708293 /* SceneDelegate.swift in Sources */,
				F319E37F2B97146C00A4F2AD /* LabelFactory.swift in Sources */,
				F3289F482B98ACA0004D8398 /* Double+Extension.swift in Sources */,
				F3FB2C972B9850DA0045AE0C /* CalculatorVM.swift in Sources */,
				F3FB2C922B98482D0045AE0C /* Tip.swift in Sources */,
				F319E3742B97040500A4F2AD /* SplitInputView.swift in Sources */,
				F319E3722B9703F200A4F2AD /* TipInputView.swift in Sources */,
				F3FB2C942B9848730045AE0C /* HeaderView.swift in Sources */,
			);
			runOnlyForDeploymentPostprocessing = 0;
		};
		F3E05F432B95940400708293 /* Sources */ = {
			isa = PBXSourcesBuildPhase;
			buildActionMask = 2147483647;
			files = (
				F3E05F4C2B95940400708293 /* Tip_CalculatorTests.swift in Sources */,
				F3A3EAE22B99DE460060D91A /* Tip_CalculatorSnapshotTests.swift in Sources */,
			);
			runOnlyForDeploymentPostprocessing = 0;
		};
		F3E05F4D2B95940400708293 /* Sources */ = {
			isa = PBXSourcesBuildPhase;
			buildActionMask = 2147483647;
			files = (
				F3243BB62B9AE4B500E73778 /* ScreenIdentifier.swift in Sources */,
				F3E05F582B95940400708293 /* Tip_CalculatorUITestsLaunchTests.swift in Sources */,
				F3E05F562B95940400708293 /* Tip_CalculatorUITests.swift in Sources */,
				F3243BB32B9AE22400E73778 /* CalculatorScreen.swift in Sources */,
			);
			runOnlyForDeploymentPostprocessing = 0;
		};
/* End PBXSourcesBuildPhase section */

/* Begin PBXTargetDependency section */
		F3E05F492B95940400708293 /* PBXTargetDependency */ = {
			isa = PBXTargetDependency;
			target = F3E05F302B95940300708293 /* Tip_Calculator */;
			targetProxy = F3E05F482B95940400708293 /* PBXContainerItemProxy */;
		};
		F3E05F532B95940400708293 /* PBXTargetDependency */ = {
			isa = PBXTargetDependency;
			target = F3E05F302B95940300708293 /* Tip_Calculator */;
			targetProxy = F3E05F522B95940400708293 /* PBXContainerItemProxy */;
		};
/* End PBXTargetDependency section */

/* Begin PBXVariantGroup section */
		F3E05F3F2B95940400708293 /* LaunchScreen.storyboard */ = {
			isa = PBXVariantGroup;
			children = (
				F3E05F402B95940400708293 /* Base */,
			);
			name = LaunchScreen.storyboard;
			sourceTree = "<group>";
		};
/* End PBXVariantGroup section */

/* Begin XCBuildConfiguration section */
		F3E05F592B95940400708293 /* Debug */ = {
			isa = XCBuildConfiguration;
			buildSettings = {
				ALWAYS_SEARCH_USER_PATHS = NO;
				ASSETCATALOG_COMPILER_GENERATE_SWIFT_ASSET_SYMBOL_EXTENSIONS = YES;
				CLANG_ANALYZER_NONNULL = YES;
				CLANG_ANALYZER_NUMBER_OBJECT_CONVERSION = YES_AGGRESSIVE;
				CLANG_CXX_LANGUAGE_STANDARD = "gnu++20";
				CLANG_ENABLE_MODULES = YES;
				CLANG_ENABLE_OBJC_ARC = YES;
				CLANG_ENABLE_OBJC_WEAK = YES;
				CLANG_WARN_BLOCK_CAPTURE_AUTORELEASING = YES;
				CLANG_WARN_BOOL_CONVERSION = YES;
				CLANG_WARN_COMMA = YES;
				CLANG_WARN_CONSTANT_CONVERSION = YES;
				CLANG_WARN_DEPRECATED_OBJC_IMPLEMENTATIONS = YES;
				CLANG_WARN_DIRECT_OBJC_ISA_USAGE = YES_ERROR;
				CLANG_WARN_DOCUMENTATION_COMMENTS = YES;
				CLANG_WARN_EMPTY_BODY = YES;
				CLANG_WARN_ENUM_CONVERSION = YES;
				CLANG_WARN_INFINITE_RECURSION = YES;
				CLANG_WARN_INT_CONVERSION = YES;
				CLANG_WARN_NON_LITERAL_NULL_CONVERSION = YES;
				CLANG_WARN_OBJC_IMPLICIT_RETAIN_SELF = YES;
				CLANG_WARN_OBJC_LITERAL_CONVERSION = YES;
				CLANG_WARN_OBJC_ROOT_CLASS = YES_ERROR;
				CLANG_WARN_QUOTED_INCLUDE_IN_FRAMEWORK_HEADER = YES;
				CLANG_WARN_RANGE_LOOP_ANALYSIS = YES;
				CLANG_WARN_STRICT_PROTOTYPES = YES;
				CLANG_WARN_SUSPICIOUS_MOVE = YES;
				CLANG_WARN_UNGUARDED_AVAILABILITY = YES_AGGRESSIVE;
				CLANG_WARN_UNREACHABLE_CODE = YES;
				CLANG_WARN__DUPLICATE_METHOD_MATCH = YES;
				COPY_PHASE_STRIP = NO;
				DEBUG_INFORMATION_FORMAT = dwarf;
				ENABLE_STRICT_OBJC_MSGSEND = YES;
				ENABLE_TESTABILITY = YES;
				ENABLE_USER_SCRIPT_SANDBOXING = YES;
				GCC_C_LANGUAGE_STANDARD = gnu17;
				GCC_DYNAMIC_NO_PIC = NO;
				GCC_NO_COMMON_BLOCKS = YES;
				GCC_OPTIMIZATION_LEVEL = 0;
				GCC_PREPROCESSOR_DEFINITIONS = (
					"DEBUG=1",
					"$(inherited)",
				);
				GCC_WARN_64_TO_32_BIT_CONVERSION = YES;
				GCC_WARN_ABOUT_RETURN_TYPE = YES_ERROR;
				GCC_WARN_UNDECLARED_SELECTOR = YES;
				GCC_WARN_UNINITIALIZED_AUTOS = YES_AGGRESSIVE;
				GCC_WARN_UNUSED_FUNCTION = YES;
				GCC_WARN_UNUSED_VARIABLE = YES;
				IPHONEOS_DEPLOYMENT_TARGET = 17.2;
				LOCALIZATION_PREFERS_STRING_CATALOGS = YES;
				MTL_ENABLE_DEBUG_INFO = INCLUDE_SOURCE;
				MTL_FAST_MATH = YES;
				ONLY_ACTIVE_ARCH = YES;
				SDKROOT = iphoneos;
				SWIFT_ACTIVE_COMPILATION_CONDITIONS = "DEBUG $(inherited)";
				SWIFT_OPTIMIZATION_LEVEL = "-Onone";
			};
			name = Debug;
		};
		F3E05F5A2B95940400708293 /* Release */ = {
			isa = XCBuildConfiguration;
			buildSettings = {
				ALWAYS_SEARCH_USER_PATHS = NO;
				ASSETCATALOG_COMPILER_GENERATE_SWIFT_ASSET_SYMBOL_EXTENSIONS = YES;
				CLANG_ANALYZER_NONNULL = YES;
				CLANG_ANALYZER_NUMBER_OBJECT_CONVERSION = YES_AGGRESSIVE;
				CLANG_CXX_LANGUAGE_STANDARD = "gnu++20";
				CLANG_ENABLE_MODULES = YES;
				CLANG_ENABLE_OBJC_ARC = YES;
				CLANG_ENABLE_OBJC_WEAK = YES;
				CLANG_WARN_BLOCK_CAPTURE_AUTORELEASING = YES;
				CLANG_WARN_BOOL_CONVERSION = YES;
				CLANG_WARN_COMMA = YES;
				CLANG_WARN_CONSTANT_CONVERSION = YES;
				CLANG_WARN_DEPRECATED_OBJC_IMPLEMENTATIONS = YES;
				CLANG_WARN_DIRECT_OBJC_ISA_USAGE = YES_ERROR;
				CLANG_WARN_DOCUMENTATION_COMMENTS = YES;
				CLANG_WARN_EMPTY_BODY = YES;
				CLANG_WARN_ENUM_CONVERSION = YES;
				CLANG_WARN_INFINITE_RECURSION = YES;
				CLANG_WARN_INT_CONVERSION = YES;
				CLANG_WARN_NON_LITERAL_NULL_CONVERSION = YES;
				CLANG_WARN_OBJC_IMPLICIT_RETAIN_SELF = YES;
				CLANG_WARN_OBJC_LITERAL_CONVERSION = YES;
				CLANG_WARN_OBJC_ROOT_CLASS = YES_ERROR;
				CLANG_WARN_QUOTED_INCLUDE_IN_FRAMEWORK_HEADER = YES;
				CLANG_WARN_RANGE_LOOP_ANALYSIS = YES;
				CLANG_WARN_STRICT_PROTOTYPES = YES;
				CLANG_WARN_SUSPICIOUS_MOVE = YES;
				CLANG_WARN_UNGUARDED_AVAILABILITY = YES_AGGRESSIVE;
				CLANG_WARN_UNREACHABLE_CODE = YES;
				CLANG_WARN__DUPLICATE_METHOD_MATCH = YES;
				COPY_PHASE_STRIP = NO;
				DEBUG_INFORMATION_FORMAT = "dwarf-with-dsym";
				ENABLE_NS_ASSERTIONS = NO;
				ENABLE_STRICT_OBJC_MSGSEND = YES;
				ENABLE_USER_SCRIPT_SANDBOXING = YES;
				GCC_C_LANGUAGE_STANDARD = gnu17;
				GCC_NO_COMMON_BLOCKS = YES;
				GCC_WARN_64_TO_32_BIT_CONVERSION = YES;
				GCC_WARN_ABOUT_RETURN_TYPE = YES_ERROR;
				GCC_WARN_UNDECLARED_SELECTOR = YES;
				GCC_WARN_UNINITIALIZED_AUTOS = YES_AGGRESSIVE;
				GCC_WARN_UNUSED_FUNCTION = YES;
				GCC_WARN_UNUSED_VARIABLE = YES;
				IPHONEOS_DEPLOYMENT_TARGET = 17.2;
				LOCALIZATION_PREFERS_STRING_CATALOGS = YES;
				MTL_ENABLE_DEBUG_INFO = NO;
				MTL_FAST_MATH = YES;
				SDKROOT = iphoneos;
				SWIFT_COMPILATION_MODE = wholemodule;
				VALIDATE_PRODUCT = YES;
			};
			name = Release;
		};
		F3E05F5C2B95940400708293 /* Debug */ = {
			isa = XCBuildConfiguration;
			buildSettings = {
				ASSETCATALOG_COMPILER_APPICON_NAME = AppIcon;
				ASSETCATALOG_COMPILER_GLOBAL_ACCENT_COLOR_NAME = AccentColor;
				CODE_SIGN_STYLE = Automatic;
				CURRENT_PROJECT_VERSION = 1;
				DEVELOPMENT_TEAM = MR8M57SP95;
				GENERATE_INFOPLIST_FILE = YES;
				INFOPLIST_FILE = Tip_Calculator/Info.plist;
				INFOPLIST_KEY_UIApplicationSupportsIndirectInputEvents = YES;
				INFOPLIST_KEY_UILaunchStoryboardName = LaunchScreen;
				INFOPLIST_KEY_UISupportedInterfaceOrientations_iPad = "UIInterfaceOrientationPortrait UIInterfaceOrientationPortraitUpsideDown UIInterfaceOrientationLandscapeLeft UIInterfaceOrientationLandscapeRight";
				INFOPLIST_KEY_UISupportedInterfaceOrientations_iPhone = "UIInterfaceOrientationPortrait UIInterfaceOrientationLandscapeLeft UIInterfaceOrientationLandscapeRight";
				LD_RUNPATH_SEARCH_PATHS = (
					"$(inherited)",
					"@executable_path/Frameworks",
				);
				MARKETING_VERSION = 1.0;
				PRODUCT_BUNDLE_IDENTIFIER = "com.fatihemre.Tip-Calculator";
				PRODUCT_NAME = "$(TARGET_NAME)";
				SWIFT_EMIT_LOC_STRINGS = YES;
				SWIFT_VERSION = 5.0;
				TARGETED_DEVICE_FAMILY = "1,2";
			};
			name = Debug;
		};
		F3E05F5D2B95940400708293 /* Release */ = {
			isa = XCBuildConfiguration;
			buildSettings = {
				ASSETCATALOG_COMPILER_APPICON_NAME = AppIcon;
				ASSETCATALOG_COMPILER_GLOBAL_ACCENT_COLOR_NAME = AccentColor;
				CODE_SIGN_STYLE = Automatic;
				CURRENT_PROJECT_VERSION = 1;
				DEVELOPMENT_TEAM = MR8M57SP95;
				GENERATE_INFOPLIST_FILE = YES;
				INFOPLIST_FILE = Tip_Calculator/Info.plist;
				INFOPLIST_KEY_UIApplicationSupportsIndirectInputEvents = YES;
				INFOPLIST_KEY_UILaunchStoryboardName = LaunchScreen;
				INFOPLIST_KEY_UISupportedInterfaceOrientations_iPad = "UIInterfaceOrientationPortrait UIInterfaceOrientationPortraitUpsideDown UIInterfaceOrientationLandscapeLeft UIInterfaceOrientationLandscapeRight";
				INFOPLIST_KEY_UISupportedInterfaceOrientations_iPhone = "UIInterfaceOrientationPortrait UIInterfaceOrientationLandscapeLeft UIInterfaceOrientationLandscapeRight";
				LD_RUNPATH_SEARCH_PATHS = (
					"$(inherited)",
					"@executable_path/Frameworks",
				);
				MARKETING_VERSION = 1.0;
				PRODUCT_BUNDLE_IDENTIFIER = "com.fatihemre.Tip-Calculator";
				PRODUCT_NAME = "$(TARGET_NAME)";
				SWIFT_EMIT_LOC_STRINGS = YES;
				SWIFT_VERSION = 5.0;
				TARGETED_DEVICE_FAMILY = "1,2";
			};
			name = Release;
		};
		F3E05F5F2B95940400708293 /* Debug */ = {
			isa = XCBuildConfiguration;
			buildSettings = {
				ALWAYS_EMBED_SWIFT_STANDARD_LIBRARIES = YES;
				BUNDLE_LOADER = "$(TEST_HOST)";
				CODE_SIGN_STYLE = Automatic;
				CURRENT_PROJECT_VERSION = 1;
				DEVELOPMENT_TEAM = MR8M57SP95;
				GENERATE_INFOPLIST_FILE = YES;
				IPHONEOS_DEPLOYMENT_TARGET = 17.2;
				MARKETING_VERSION = 1.0;
				PRODUCT_BUNDLE_IDENTIFIER = "com.fatihemre.Tip-CalculatorTests";
				PRODUCT_NAME = "$(TARGET_NAME)";
				SWIFT_EMIT_LOC_STRINGS = NO;
				SWIFT_VERSION = 5.0;
				TARGETED_DEVICE_FAMILY = "1,2";
				TEST_HOST = "$(BUILT_PRODUCTS_DIR)/Tip_Calculator.app/$(BUNDLE_EXECUTABLE_FOLDER_PATH)/Tip_Calculator";
			};
			name = Debug;
		};
		F3E05F602B95940400708293 /* Release */ = {
			isa = XCBuildConfiguration;
			buildSettings = {
				ALWAYS_EMBED_SWIFT_STANDARD_LIBRARIES = YES;
				BUNDLE_LOADER = "$(TEST_HOST)";
				CODE_SIGN_STYLE = Automatic;
				CURRENT_PROJECT_VERSION = 1;
				DEVELOPMENT_TEAM = MR8M57SP95;
				GENERATE_INFOPLIST_FILE = YES;
				IPHONEOS_DEPLOYMENT_TARGET = 17.2;
				MARKETING_VERSION = 1.0;
				PRODUCT_BUNDLE_IDENTIFIER = "com.fatihemre.Tip-CalculatorTests";
				PRODUCT_NAME = "$(TARGET_NAME)";
				SWIFT_EMIT_LOC_STRINGS = NO;
				SWIFT_VERSION = 5.0;
				TARGETED_DEVICE_FAMILY = "1,2";
				TEST_HOST = "$(BUILT_PRODUCTS_DIR)/Tip_Calculator.app/$(BUNDLE_EXECUTABLE_FOLDER_PATH)/Tip_Calculator";
			};
			name = Release;
		};
		F3E05F622B95940400708293 /* Debug */ = {
			isa = XCBuildConfiguration;
			buildSettings = {
				ALWAYS_EMBED_SWIFT_STANDARD_LIBRARIES = YES;
				CODE_SIGN_STYLE = Automatic;
				CURRENT_PROJECT_VERSION = 1;
				DEVELOPMENT_TEAM = MR8M57SP95;
				GENERATE_INFOPLIST_FILE = YES;
				MARKETING_VERSION = 1.0;
				PRODUCT_BUNDLE_IDENTIFIER = "com.fatihemre.Tip-CalculatorUITests";
				PRODUCT_NAME = "$(TARGET_NAME)";
				SWIFT_EMIT_LOC_STRINGS = NO;
				SWIFT_VERSION = 5.0;
				TARGETED_DEVICE_FAMILY = "1,2";
				TEST_TARGET_NAME = Tip_Calculator;
			};
			name = Debug;
		};
		F3E05F632B95940400708293 /* Release */ = {
			isa = XCBuildConfiguration;
			buildSettings = {
				ALWAYS_EMBED_SWIFT_STANDARD_LIBRARIES = YES;
				CODE_SIGN_STYLE = Automatic;
				CURRENT_PROJECT_VERSION = 1;
				DEVELOPMENT_TEAM = MR8M57SP95;
				GENERATE_INFOPLIST_FILE = YES;
				MARKETING_VERSION = 1.0;
				PRODUCT_BUNDLE_IDENTIFIER = "com.fatihemre.Tip-CalculatorUITests";
				PRODUCT_NAME = "$(TARGET_NAME)";
				SWIFT_EMIT_LOC_STRINGS = NO;
				SWIFT_VERSION = 5.0;
				TARGETED_DEVICE_FAMILY = "1,2";
				TEST_TARGET_NAME = Tip_Calculator;
			};
			name = Release;
		};
/* End XCBuildConfiguration section */

/* Begin XCConfigurationList section */
		F3E05F2C2B95940200708293 /* Build configuration list for PBXProject "Tip_Calculator" */ = {
			isa = XCConfigurationList;
			buildConfigurations = (
				F3E05F592B95940400708293 /* Debug */,
				F3E05F5A2B95940400708293 /* Release */,
			);
			defaultConfigurationIsVisible = 0;
			defaultConfigurationName = Release;
		};
		F3E05F5B2B95940400708293 /* Build configuration list for PBXNativeTarget "Tip_Calculator" */ = {
			isa = XCConfigurationList;
			buildConfigurations = (
				F3E05F5C2B95940400708293 /* Debug */,
				F3E05F5D2B95940400708293 /* Release */,
			);
			defaultConfigurationIsVisible = 0;
			defaultConfigurationName = Release;
		};
		F3E05F5E2B95940400708293 /* Build configuration list for PBXNativeTarget "Tip_CalculatorTests" */ = {
			isa = XCConfigurationList;
			buildConfigurations = (
				F3E05F5F2B95940400708293 /* Debug */,
				F3E05F602B95940400708293 /* Release */,
			);
			defaultConfigurationIsVisible = 0;
			defaultConfigurationName = Release;
		};
		F3E05F612B95940400708293 /* Build configuration list for PBXNativeTarget "Tip_CalculatorUITests" */ = {
			isa = XCConfigurationList;
			buildConfigurations = (
				F3E05F622B95940400708293 /* Debug */,
				F3E05F632B95940400708293 /* Release */,
			);
			defaultConfigurationIsVisible = 0;
			defaultConfigurationName = Release;
		};
/* End XCConfigurationList section */

/* Begin XCRemoteSwiftPackageReference section */
		F3E05F642B95946700708293 /* XCRemoteSwiftPackageReference "CombineCocoa" */ = {
			isa = XCRemoteSwiftPackageReference;
			repositoryURL = "https://github.com/CombineCommunity/CombineCocoa";
			requirement = {
				kind = upToNextMinorVersion;
				minimumVersion = 0.4.1;
			};
		};
		F3E05F672B95948C00708293 /* XCRemoteSwiftPackageReference "SnapKit" */ = {
			isa = XCRemoteSwiftPackageReference;
			repositoryURL = "https://github.com/SnapKit/SnapKit";
			requirement = {
				kind = upToNextMinorVersion;
				minimumVersion = 5.7.1;
			};
		};
		F3E05F6D2B95954200708293 /* XCRemoteSwiftPackageReference "swift-snapshot-testing" */ = {
			isa = XCRemoteSwiftPackageReference;
			repositoryURL = "https://github.com/pointfreeco/swift-snapshot-testing";
			requirement = {
				kind = upToNextMinorVersion;
				minimumVersion = 1.15.3;
			};
		};
/* End XCRemoteSwiftPackageReference section */

/* Begin XCSwiftPackageProductDependency section */
		F3E05F652B95946700708293 /* CombineCocoa */ = {
			isa = XCSwiftPackageProductDependency;
			package = F3E05F642B95946700708293 /* XCRemoteSwiftPackageReference "CombineCocoa" */;
			productName = CombineCocoa;
		};
		F3E05F682B95948C00708293 /* SnapKit */ = {
			isa = XCSwiftPackageProductDependency;
			package = F3E05F672B95948C00708293 /* XCRemoteSwiftPackageReference "SnapKit" */;
			productName = SnapKit;
		};
		F3E05F6B2B9594BF00708293 /* CombineCocoa */ = {
			isa = XCSwiftPackageProductDependency;
			package = F3E05F642B95946700708293 /* XCRemoteSwiftPackageReference "CombineCocoa" */;
			productName = CombineCocoa;
		};
		F3E05F6E2B95954200708293 /* SnapshotTesting */ = {
			isa = XCSwiftPackageProductDependency;
			package = F3E05F6D2B95954200708293 /* XCRemoteSwiftPackageReference "swift-snapshot-testing" */;
			productName = SnapshotTesting;
		};
		F3E05F702B95955C00708293 /* CombineCocoa */ = {
			isa = XCSwiftPackageProductDependency;
			package = F3E05F642B95946700708293 /* XCRemoteSwiftPackageReference "CombineCocoa" */;
			productName = CombineCocoa;
		};
/* End XCSwiftPackageProductDependency section */
	};
	rootObject = F3E05F292B95940200708293 /* Project object */;
}
